// !$*UTF8*$!
{
	archiveVersion = 1;
	classes = {
	};
	objectVersion = 56;
	objects = {

/* Begin PBXBuildFile section */
		3B38763429DE342B009A79DB /* SerialQueueTests.cpp in Sources */ = {isa = PBXBuildFile; fileRef = 3B38763329DE342B009A79DB /* SerialQueueTests.cpp */; };
		3B85DEEB29E75F2E00DDCAF8 /* ConcurrentQueueTest.cpp in Sources */ = {isa = PBXBuildFile; fileRef = 3B85DEEA29E75F2E00DDCAF8 /* ConcurrentQueueTest.cpp */; };
		3B85DEEC29E7B56C00DDCAF8 /* main.cpp in Sources */ = {isa = PBXBuildFile; fileRef = 3B38762B29DE33CF009A79DB /* main.cpp */; };
/* End PBXBuildFile section */

/* Begin PBXCopyFilesBuildPhase section */
		3B38762629DE33CF009A79DB /* CopyFiles */ = {
			isa = PBXCopyFilesBuildPhase;
			buildActionMask = 2147483647;
			dstPath = /usr/share/man/man1/;
			dstSubfolderSpec = 0;
			files = (
			);
			runOnlyForDeploymentPostprocessing = 1;
		};
/* End PBXCopyFilesBuildPhase section */

/* Begin PBXFileReference section */
		3B38762829DE33CF009A79DB /* HW4_ThreadSafeQueue */ = {isa = PBXFileReference; explicitFileType = "compiled.mach-o.executable"; includeInIndex = 0; path = HW4_ThreadSafeQueue; sourceTree = BUILT_PRODUCTS_DIR; };
		3B38762B29DE33CF009A79DB /* main.cpp */ = {isa = PBXFileReference; lastKnownFileType = sourcecode.cpp.cpp; path = main.cpp; sourceTree = "<group>"; };
		3B38763229DE33F6009A79DB /* SerialQueue.hpp */ = {isa = PBXFileReference; lastKnownFileType = sourcecode.cpp.h; path = SerialQueue.hpp; sourceTree = "<group>"; };
		3B38763329DE342B009A79DB /* SerialQueueTests.cpp */ = {isa = PBXFileReference; lastKnownFileType = sourcecode.cpp.cpp; path = SerialQueueTests.cpp; sourceTree = "<group>"; };
		3B38763529DE58E0009A79DB /* ConcurrentQueue.hpp */ = {isa = PBXFileReference; lastKnownFileType = sourcecode.cpp.h; path = ConcurrentQueue.hpp; sourceTree = "<group>"; };
		3B85DEEA29E75F2E00DDCAF8 /* ConcurrentQueueTest.cpp */ = {isa = PBXFileReference; lastKnownFileType = sourcecode.cpp.cpp; path = ConcurrentQueueTest.cpp; sourceTree = "<group>"; };
/* End PBXFileReference section */

/* Begin PBXFrameworksBuildPhase section */
		3B38762529DE33CF009A79DB /* Frameworks */ = {
			isa = PBXFrameworksBuildPhase;
			buildActionMask = 2147483647;
			files = (
			);
			runOnlyForDeploymentPostprocessing = 0;
		};
/* End PBXFrameworksBuildPhase section */

/* Begin PBXGroup section */
		3B38761F29DE33CF009A79DB = {
			isa = PBXGroup;
			children = (
				3B38762A29DE33CF009A79DB /* HW4_ThreadSafeQueue */,
				3B38762929DE33CF009A79DB /* Products */,
			);
			sourceTree = "<group>";
		};
		3B38762929DE33CF009A79DB /* Products */ = {
			isa = PBXGroup;
			children = (
				3B38762829DE33CF009A79DB /* HW4_ThreadSafeQueue */,
			);
			name = Products;
			sourceTree = "<group>";
		};
		3B38762A29DE33CF009A79DB /* HW4_ThreadSafeQueue */ = {
			isa = PBXGroup;
			children = (
				3B38763529DE58E0009A79DB /* ConcurrentQueue.hpp */,
				3B38762B29DE33CF009A79DB /* main.cpp */,
				3B38763229DE33F6009A79DB /* SerialQueue.hpp */,
				3B38763329DE342B009A79DB /* SerialQueueTests.cpp */,
				3B85DEEA29E75F2E00DDCAF8 /* ConcurrentQueueTest.cpp */,
			);
			path = HW4_ThreadSafeQueue;
			sourceTree = "<group>";
		};
/* End PBXGroup section */

/* Begin PBXNativeTarget section */
		3B38762729DE33CF009A79DB /* HW4_ThreadSafeQueue */ = {
			isa = PBXNativeTarget;
			buildConfigurationList = 3B38762F29DE33CF009A79DB /* Build configuration list for PBXNativeTarget "HW4_ThreadSafeQueue" */;
			buildPhases = (
				3B38762429DE33CF009A79DB /* Sources */,
				3B38762529DE33CF009A79DB /* Frameworks */,
				3B38762629DE33CF009A79DB /* CopyFiles */,
			);
			buildRules = (
			);
			dependencies = (
			);
			name = HW4_ThreadSafeQueue;
			productName = HW4_ThreadSafeQueue;
			productReference = 3B38762829DE33CF009A79DB /* HW4_ThreadSafeQueue */;
			productType = "com.apple.product-type.tool";
		};
/* End PBXNativeTarget section */

/* Begin PBXProject section */
		3B38762029DE33CF009A79DB /* Project object */ = {
			isa = PBXProject;
			attributes = {
				BuildIndependentTargetsInParallel = 1;
				LastUpgradeCheck = 1430;
				TargetAttributes = {
					3B38762729DE33CF009A79DB = {
						CreatedOnToolsVersion = 14.3;
					};
				};
			};
			buildConfigurationList = 3B38762329DE33CF009A79DB /* Build configuration list for PBXProject "HW4_ThreadSafeQueue" */;
			compatibilityVersion = "Xcode 14.0";
			developmentRegion = en;
			hasScannedForEncodings = 0;
			knownRegions = (
				en,
				Base,
			);
			mainGroup = 3B38761F29DE33CF009A79DB;
			productRefGroup = 3B38762929DE33CF009A79DB /* Products */;
			projectDirPath = "";
			projectRoot = "";
			targets = (
				3B38762729DE33CF009A79DB /* HW4_ThreadSafeQueue */,
			);
		};
/* End PBXProject section */

/* Begin PBXSourcesBuildPhase section */
		3B38762429DE33CF009A79DB /* Sources */ = {
			isa = PBXSourcesBuildPhase;
			buildActionMask = 2147483647;
			files = (
				3B38763429DE342B009A79DB /* SerialQueueTests.cpp in Sources */,
				3B85DEEB29E75F2E00DDCAF8 /* ConcurrentQueueTest.cpp in Sources */,
				3B85DEEC29E7B56C00DDCAF8 /* main.cpp in Sources */,
			);
			runOnlyForDeploymentPostprocessing = 0;
		};
/* End PBXSourcesBuildPhase section */

/* Begin XCBuildConfiguration section */
		3B38762D29DE33CF009A79DB /* Debug */ = {
			isa = XCBuildConfiguration;
			buildSettings = {
				ALWAYS_SEARCH_USER_PATHS = NO;
				CLANG_ANALYZER_NONNULL = YES;
				CLANG_ANALYZER_NUMBER_OBJECT_CONVERSION = YES_AGGRESSIVE;
				CLANG_CXX_LANGUAGE_STANDARD = "gnu++20";
				CLANG_ENABLE_MODULES = YES;
				CLANG_ENABLE_OBJC_ARC = YES;
				CLANG_ENABLE_OBJC_WEAK = YES;
				CLANG_WARN_BLOCK_CAPTURE_AUTORELEASING = YES;
				CLANG_WARN_BOOL_CONVERSION = YES;
				CLANG_WARN_COMMA = YES;
				CLANG_WARN_CONSTANT_CONVERSION = YES;
				CLANG_WARN_DEPRECATED_OBJC_IMPLEMENTATIONS = YES;
				CLANG_WARN_DIRECT_OBJC_ISA_USAGE = YES_ERROR;
				CLANG_WARN_DOCUMENTATION_COMMENTS = YES;
				CLANG_WARN_EMPTY_BODY = YES;
				CLANG_WARN_ENUM_CONVERSION = YES;
				CLANG_WARN_INFINITE_RECURSION = YES;
				CLANG_WARN_INT_CONVERSION = YES;
				CLANG_WARN_NON_LITERAL_NULL_CONVERSION = YES;
				CLANG_WARN_OBJC_IMPLICIT_RETAIN_SELF = YES;
				CLANG_WARN_OBJC_LITERAL_CONVERSION = YES;
				CLANG_WARN_OBJC_ROOT_CLASS = YES_ERROR;
				CLANG_WARN_QUOTED_INCLUDE_IN_FRAMEWORK_HEADER = YES;
				CLANG_WARN_RANGE_LOOP_ANALYSIS = YES;
				CLANG_WARN_STRICT_PROTOTYPES = YES;
				CLANG_WARN_SUSPICIOUS_MOVE = YES;
				CLANG_WARN_UNGUARDED_AVAILABILITY = YES_AGGRESSIVE;
				CLANG_WARN_UNREACHABLE_CODE = YES;
				CLANG_WARN__DUPLICATE_METHOD_MATCH = YES;
				COPY_PHASE_STRIP = NO;
				DEBUG_INFORMATION_FORMAT = dwarf;
				ENABLE_STRICT_OBJC_MSGSEND = YES;
				ENABLE_TESTABILITY = YES;
				GCC_C_LANGUAGE_STANDARD = gnu11;
				GCC_DYNAMIC_NO_PIC = NO;
				GCC_NO_COMMON_BLOCKS = YES;
				GCC_OPTIMIZATION_LEVEL = 0;
				GCC_PREPROCESSOR_DEFINITIONS = (
					"DEBUG=1",
					"$(inherited)",
				);
				GCC_WARN_64_TO_32_BIT_CONVERSION = YES;
				GCC_WARN_ABOUT_RETURN_TYPE = YES_ERROR;
				GCC_WARN_UNDECLARED_SELECTOR = YES;
				GCC_WARN_UNINITIALIZED_AUTOS = YES_AGGRESSIVE;
				GCC_WARN_UNUSED_FUNCTION = YES;
				GCC_WARN_UNUSED_VARIABLE = YES;
				MACOSX_DEPLOYMENT_TARGET = 13.3;
				MTL_ENABLE_DEBUG_INFO = INCLUDE_SOURCE;
				MTL_FAST_MATH = YES;
				ONLY_ACTIVE_ARCH = YES;
				SDKROOT = macosx;
			};
			name = Debug;
		};
		3B38762E29DE33CF009A79DB /* Release */ = {
			isa = XCBuildConfiguration;
			buildSettings = {
				ALWAYS_SEARCH_USER_PATHS = NO;
				CLANG_ANALYZER_NONNULL = YES;
				CLANG_ANALYZER_NUMBER_OBJECT_CONVERSION = YES_AGGRESSIVE;
				CLANG_CXX_LANGUAGE_STANDARD = "gnu++20";
				CLANG_ENABLE_MODULES = YES;
				CLANG_ENABLE_OBJC_ARC = YES;
				CLANG_ENABLE_OBJC_WEAK = YES;
				CLANG_WARN_BLOCK_CAPTURE_AUTORELEASING = YES;
				CLANG_WARN_BOOL_CONVERSION = YES;
				CLANG_WARN_COMMA = YES;
				CLANG_WARN_CONSTANT_CONVERSION = YES;
				CLANG_WARN_DEPRECATED_OBJC_IMPLEMENTATIONS = YES;
				CLANG_WARN_DIRECT_OBJC_ISA_USAGE = YES_ERROR;
				CLANG_WARN_DOCUMENTATION_COMMENTS = YES;
				CLANG_WARN_EMPTY_BODY = YES;
				CLANG_WARN_ENUM_CONVERSION = YES;
				CLANG_WARN_INFINITE_RECURSION = YES;
				CLANG_WARN_INT_CONVERSION = YES;
				CLANG_WARN_NON_LITERAL_NULL_CONVERSION = YES;
				CLANG_WARN_OBJC_IMPLICIT_RETAIN_SELF = YES;
				CLANG_WARN_OBJC_LITERAL_CONVERSION = YES;
				CLANG_WARN_OBJC_ROOT_CLASS = YES_ERROR;
				CLANG_WARN_QUOTED_INCLUDE_IN_FRAMEWORK_HEADER = YES;
				CLANG_WARN_RANGE_LOOP_ANALYSIS = YES;
				CLANG_WARN_STRICT_PROTOTYPES = YES;
				CLANG_WARN_SUSPICIOUS_MOVE = YES;
				CLANG_WARN_UNGUARDED_AVAILABILITY = YES_AGGRESSIVE;
				CLANG_WARN_UNREACHABLE_CODE = YES;
				CLANG_WARN__DUPLICATE_METHOD_MATCH = YES;
				COPY_PHASE_STRIP = NO;
				DEBUG_INFORMATION_FORMAT = "dwarf-with-dsym";
				ENABLE_NS_ASSERTIONS = NO;
				ENABLE_STRICT_OBJC_MSGSEND = YES;
				GCC_C_LANGUAGE_STANDARD = gnu11;
				GCC_NO_COMMON_BLOCKS = YES;
				GCC_WARN_64_TO_32_BIT_CONVERSION = YES;
				GCC_WARN_ABOUT_RETURN_TYPE = YES_ERROR;
				GCC_WARN_UNDECLARED_SELECTOR = YES;
				GCC_WARN_UNINITIALIZED_AUTOS = YES_AGGRESSIVE;
				GCC_WARN_UNUSED_FUNCTION = YES;
				GCC_WARN_UNUSED_VARIABLE = YES;
				MACOSX_DEPLOYMENT_TARGET = 13.3;
				MTL_ENABLE_DEBUG_INFO = NO;
				MTL_FAST_MATH = YES;
				SDKROOT = macosx;
			};
			name = Release;
		};
		3B38763029DE33CF009A79DB /* Debug */ = {
			isa = XCBuildConfiguration;
			buildSettings = {
				CODE_SIGN_STYLE = Automatic;
				PRODUCT_NAME = "$(TARGET_NAME)";
			};
			name = Debug;
		};
		3B38763129DE33CF009A79DB /* Release */ = {
			isa = XCBuildConfiguration;
			buildSettings = {
				CODE_SIGN_STYLE = Automatic;
				PRODUCT_NAME = "$(TARGET_NAME)";
			};
			name = Release;
		};
/* End XCBuildConfiguration section */

/* Begin XCConfigurationList section */
		3B38762329DE33CF009A79DB /* Build configuration list for PBXProject "HW4_ThreadSafeQueue" */ = {
			isa = XCConfigurationList;
			buildConfigurations = (
				3B38762D29DE33CF009A79DB /* Debug */,
				3B38762E29DE33CF009A79DB /* Release */,
			);
			defaultConfigurationIsVisible = 0;
			defaultConfigurationName = Release;
		};
		3B38762F29DE33CF009A79DB /* Build configuration list for PBXNativeTarget "HW4_ThreadSafeQueue" */ = {
			isa = XCConfigurationList;
			buildConfigurations = (
				3B38763029DE33CF009A79DB /* Debug */,
				3B38763129DE33CF009A79DB /* Release */,
			);
			defaultConfigurationIsVisible = 0;
			defaultConfigurationName = Release;
		};
/* End XCConfigurationList section */
	};
	rootObject = 3B38762029DE33CF009A79DB /* Project object */;
}
